// !$*UTF8*$!
{
	archiveVersion = 1;
	classes = {
	};
	objectVersion = 46;
	objects = {

/* Begin PBXBuildFile section */
		596DD110F517D254D8D565FF /* SnakeRenderer.swift in Sources */ = {isa = PBXBuildFile; fileRef = 596DD3977095FD282BBABFA8 /* SnakeRenderer.swift */; };
		596DD2ED3D5AD150AAF926B8 /* MainMenu.xib in Resources */ = {isa = PBXBuildFile; fileRef = 596DD76650B83AE4BF3DC31D /* MainMenu.xib */; };
		596DD3FF9256D3F9CACF175C /* Assets.xcassets in Resources */ = {isa = PBXBuildFile; fileRef = 596DD7824DD5750EC33379AA /* Assets.xcassets */; };
		596DD50B878BEB88BC2ECCE0 /* blockensUITests.swift in Sources */ = {isa = PBXBuildFile; fileRef = 596DD469FAAA560D12454323 /* blockensUITests.swift */; };
		596DD5C40263070DEE379239 /* SnakeRenderer.swift in Sources */ = {isa = PBXBuildFile; fileRef = 596DD3977095FD282BBABFA8 /* SnakeRenderer.swift */; };
		596DD93511CF06E76DCB8EA4 /* utils.swift in Sources */ = {isa = PBXBuildFile; fileRef = 596DDDC60CE1C3C87B5429F8 /* utils.swift */; };
		596DD9C9604B64CB28A87801 /* SnakeRenderer.swift in Sources */ = {isa = PBXBuildFile; fileRef = 596DD3977095FD282BBABFA8 /* SnakeRenderer.swift */; };
		596DD9CE9B852B6BF143D2D2 /* AppDelegate.swift in Sources */ = {isa = PBXBuildFile; fileRef = 596DD183386F3B4EB9BF5C86 /* AppDelegate.swift */; };
		596DDA4DF3B3FC29A2CCEFED /* GameWindow.swift in Sources */ = {isa = PBXBuildFile; fileRef = 596DD14F2FA0CAC167115986 /* GameWindow.swift */; };
		596DDC00D167AECA3D7A490A /* GameViewController.swift in Sources */ = {isa = PBXBuildFile; fileRef = 596DD01D9618099F07A163C7 /* GameViewController.swift */; };
		596DDC0BD9A5767ACCC7816E /* utils.swift in Sources */ = {isa = PBXBuildFile; fileRef = 596DDDC60CE1C3C87B5429F8 /* utils.swift */; };
		596DDC0ED6E102A6F2C7E8F7 /* SnakeController.swift in Sources */ = {isa = PBXBuildFile; fileRef = 596DD12117DA96C0C681F421 /* SnakeController.swift */; };
		596DDCA9FA70947FE1E34F50 /* SnakeController.swift in Sources */ = {isa = PBXBuildFile; fileRef = 596DD12117DA96C0C681F421 /* SnakeController.swift */; };
		596DDCCD5FDBEE9FF7FD0B1D /* SnakeController.swift in Sources */ = {isa = PBXBuildFile; fileRef = 596DD12117DA96C0C681F421 /* SnakeController.swift */; };
		596DDCE97373276ADE2C4F62 /* utils.swift in Sources */ = {isa = PBXBuildFile; fileRef = 596DDDC60CE1C3C87B5429F8 /* utils.swift */; };
		596DDD8DBFA31BD29C8C1344 /* Shaders.metal in Sources */ = {isa = PBXBuildFile; fileRef = 596DD47E35FD184C58EFDD19 /* Shaders.metal */; };
		596DDD8F78F559083286B4EB /* blockensTests.swift in Sources */ = {isa = PBXBuildFile; fileRef = 596DDEF85B791A90D2B47995 /* blockensTests.swift */; };
		596DDE627517EB3DBC509889 /* GameWindow.swift in Sources */ = {isa = PBXBuildFile; fileRef = 596DD14F2FA0CAC167115986 /* GameWindow.swift */; };
		596DDE9992173DD0B906A782 /* GameWindow.swift in Sources */ = {isa = PBXBuildFile; fileRef = 596DD14F2FA0CAC167115986 /* GameWindow.swift */; };
/* End PBXBuildFile section */

/* Begin PBXContainerItemProxy section */
		596DD03EB2E4AF7AE7248F4C /* PBXContainerItemProxy */ = {
			isa = PBXContainerItemProxy;
			containerPortal = 596DD7CCB9B7EF11731D202F /* Project object */;
			proxyType = 1;
			remoteGlobalIDString = 596DD30DEF6057DB38BBA8C5;
			remoteInfo = blockens;
		};
		596DD555AEF20BAE6D97923A /* PBXContainerItemProxy */ = {
			isa = PBXContainerItemProxy;
			containerPortal = 596DD7CCB9B7EF11731D202F /* Project object */;
			proxyType = 1;
			remoteGlobalIDString = 596DD30DEF6057DB38BBA8C5;
			remoteInfo = blockens;
		};
/* End PBXContainerItemProxy section */

/* Begin PBXFileReference section */
		596DD01D9618099F07A163C7 /* GameViewController.swift */ = {isa = PBXFileReference; fileEncoding = 4; lastKnownFileType = sourcecode.swift; path = GameViewController.swift; sourceTree = "<group>"; };
		596DD12117DA96C0C681F421 /* SnakeController.swift */ = {isa = PBXFileReference; fileEncoding = 4; lastKnownFileType = sourcecode.swift; path = SnakeController.swift; sourceTree = "<group>"; };
		596DD14F2FA0CAC167115986 /* GameWindow.swift */ = {isa = PBXFileReference; fileEncoding = 4; lastKnownFileType = sourcecode.swift; path = GameWindow.swift; sourceTree = "<group>"; };
		596DD183386F3B4EB9BF5C86 /* AppDelegate.swift */ = {isa = PBXFileReference; fileEncoding = 4; lastKnownFileType = sourcecode.swift; path = AppDelegate.swift; sourceTree = "<group>"; };
		596DD3977095FD282BBABFA8 /* SnakeRenderer.swift */ = {isa = PBXFileReference; fileEncoding = 4; lastKnownFileType = sourcecode.swift; path = SnakeRenderer.swift; sourceTree = "<group>"; };
		596DD469FAAA560D12454323 /* blockensUITests.swift */ = {isa = PBXFileReference; lastKnownFileType = sourcecode.swift; path = blockensUITests.swift; sourceTree = "<group>"; };
		596DD47E35FD184C58EFDD19 /* Shaders.metal */ = {isa = PBXFileReference; fileEncoding = 4; lastKnownFileType = sourcecode.metal; path = Shaders.metal; sourceTree = "<group>"; };
		596DD6667F709F246FF2012A /* blockensUITests.xctest */ = {isa = PBXFileReference; explicitFileType = wrapper.cfbundle; includeInIndex = 0; path = blockensUITests.xctest; sourceTree = BUILT_PRODUCTS_DIR; };
		596DD712C929F5CE1C16DC14 /* Info.plist */ = {isa = PBXFileReference; lastKnownFileType = text.plist.info; path = Info.plist; sourceTree = "<group>"; };
		596DD7824DD5750EC33379AA /* Assets.xcassets */ = {isa = PBXFileReference; lastKnownFileType = folder.assetcatalog; path = Assets.xcassets; sourceTree = "<group>"; };
		596DD8CC75B0B84F4348C7A1 /* Base */ = {isa = PBXFileReference; lastKnownFileType = file.xib; name = Base; path = Base.lproj/MainMenu.xib; sourceTree = "<group>"; };
		596DDA445427ACB481F938F4 /* Info.plist */ = {isa = PBXFileReference; lastKnownFileType = text.plist.info; path = Info.plist; sourceTree = "<group>"; };
		596DDD2552E9C061B11E36A4 /* Info.plist */ = {isa = PBXFileReference; lastKnownFileType = text.plist.info; path = Info.plist; sourceTree = "<group>"; };
		596DDD6290DC3ECB65674C29 /* blockensTests.xctest */ = {isa = PBXFileReference; explicitFileType = wrapper.cfbundle; includeInIndex = 0; path = blockensTests.xctest; sourceTree = BUILT_PRODUCTS_DIR; };
		596DDDC60CE1C3C87B5429F8 /* utils.swift */ = {isa = PBXFileReference; fileEncoding = 4; lastKnownFileType = sourcecode.swift; path = utils.swift; sourceTree = "<group>"; };
		596DDEA7FD777B5F0E5B63E2 /* blockens.app */ = {isa = PBXFileReference; explicitFileType = wrapper.application; includeInIndex = 0; path = blockens.app; sourceTree = BUILT_PRODUCTS_DIR; };
		596DDEF85B791A90D2B47995 /* blockensTests.swift */ = {isa = PBXFileReference; lastKnownFileType = sourcecode.swift; path = blockensTests.swift; sourceTree = "<group>"; };
/* End PBXFileReference section */

/* Begin PBXFrameworksBuildPhase section */
		596DD290E33F9598D0554FEF /* Frameworks */ = {
			isa = PBXFrameworksBuildPhase;
			buildActionMask = 2147483647;
			files = (
			);
			runOnlyForDeploymentPostprocessing = 0;
		};
		596DD59C8F52BDF1D62C35B2 /* Frameworks */ = {
			isa = PBXFrameworksBuildPhase;
			buildActionMask = 2147483647;
			files = (
			);
			runOnlyForDeploymentPostprocessing = 0;
		};
		596DDAB927EB00DF40A0AAF0 /* Frameworks */ = {
			isa = PBXFrameworksBuildPhase;
			buildActionMask = 2147483647;
			files = (
			);
			runOnlyForDeploymentPostprocessing = 0;
		};
/* End PBXFrameworksBuildPhase section */

/* Begin PBXGroup section */
		596DD3FEEED5547E7DD2C950 = {
			isa = PBXGroup;
			children = (
				596DD9707B48DA6F8579ACCD /* Products */,
				596DDAD07F73DCD96252AF49 /* blockens */,
				596DD8258036ADF89A1CF31C /* blockensTests */,
				596DD47EDB6E5927E42816A0 /* blockensUITests */,
			);
			sourceTree = "<group>";
		};
		596DD47EDB6E5927E42816A0 /* blockensUITests */ = {
			isa = PBXGroup;
			children = (
				596DD712C929F5CE1C16DC14 /* Info.plist */,
				596DD469FAAA560D12454323 /* blockensUITests.swift */,
			);
			path = blockensUITests;
			sourceTree = "<group>";
		};
		596DD8258036ADF89A1CF31C /* blockensTests */ = {
			isa = PBXGroup;
			children = (
				596DDD2552E9C061B11E36A4 /* Info.plist */,
				596DDEF85B791A90D2B47995 /* blockensTests.swift */,
			);
			path = blockensTests;
			sourceTree = "<group>";
		};
		596DD860B720099AB3B27792 /* shaders */ = {
			isa = PBXGroup;
			children = (
				596DD47E35FD184C58EFDD19 /* Shaders.metal */,
			);
			path = shaders;
			sourceTree = "<group>";
		};
		596DD9707B48DA6F8579ACCD /* Products */ = {
			isa = PBXGroup;
			children = (
				596DDEA7FD777B5F0E5B63E2 /* blockens.app */,
				596DDD6290DC3ECB65674C29 /* blockensTests.xctest */,
				596DD6667F709F246FF2012A /* blockensUITests.xctest */,
			);
			name = Products;
			sourceTree = "<group>";
		};
		596DDA0837FB34BC25A4BD04 /* src */ = {
			isa = PBXGroup;
			children = (
				596DD183386F3B4EB9BF5C86 /* AppDelegate.swift */,
				596DD01D9618099F07A163C7 /* GameViewController.swift */,
				596DD14F2FA0CAC167115986 /* GameWindow.swift */,
				596DDDC60CE1C3C87B5429F8 /* utils.swift */,
				596DDC8C4DC7D4CC8D8F5AE8 /* Snake */,
			);
			path = src;
			sourceTree = "<group>";
		};
		596DDAD07F73DCD96252AF49 /* blockens */ = {
			isa = PBXGroup;
			children = (
				596DDA445427ACB481F938F4 /* Info.plist */,
				596DD7824DD5750EC33379AA /* Assets.xcassets */,
				596DD76650B83AE4BF3DC31D /* MainMenu.xib */,
				596DD860B720099AB3B27792 /* shaders */,
				596DDA0837FB34BC25A4BD04 /* src */,
			);
			path = blockens;
			sourceTree = "<group>";
		};
		596DDC8C4DC7D4CC8D8F5AE8 /* Snake */ = {
			isa = PBXGroup;
			children = (
				596DD12117DA96C0C681F421 /* SnakeController.swift */,
				596DD3977095FD282BBABFA8 /* SnakeRenderer.swift */,
			);
			path = Snake;
			sourceTree = "<group>";
		};
/* End PBXGroup section */

/* Begin PBXNativeTarget section */
		596DD30DEF6057DB38BBA8C5 /* blockens */ = {
			isa = PBXNativeTarget;
			buildConfigurationList = 596DD49E3436FD408A499897 /* Build configuration list for PBXNativeTarget "blockens" */;
			buildPhases = (
				596DDB464524B7D796EBA5FC /* Sources */,
				596DD59C8F52BDF1D62C35B2 /* Frameworks */,
				596DD6621E9C286ABC6448E3 /* Resources */,
			);
			buildRules = (
			);
			dependencies = (
			);
			name = blockens;
			productName = blockens;
			productReference = 596DDEA7FD777B5F0E5B63E2 /* blockens.app */;
			productType = "com.apple.product-type.application";
		};
		596DDD152EF953DDFFD6512B /* blockensTests */ = {
			isa = PBXNativeTarget;
			buildConfigurationList = 596DD8FB022F00D976E52AF1 /* Build configuration list for PBXNativeTarget "blockensTests" */;
			buildPhases = (
				596DD447E317DB0C2573E4AA /* Sources */,
				596DDAB927EB00DF40A0AAF0 /* Frameworks */,
				596DDF596764B6FB8907442B /* Resources */,
			);
			buildRules = (
			);
			dependencies = (
				596DD162FA0514FCEDACA1E7 /* PBXTargetDependency */,
			);
			name = blockensTests;
			productName = blockensTests;
			productReference = 596DDD6290DC3ECB65674C29 /* blockensTests.xctest */;
			productType = "com.apple.product-type.bundle.unit-test";
		};
		596DDF0416E8288EE904B533 /* blockensUITests */ = {
			isa = PBXNativeTarget;
			buildConfigurationList = 596DD71C08BF4EAFC9BF78D9 /* Build configuration list for PBXNativeTarget "blockensUITests" */;
			buildPhases = (
				596DD18E15E1A6779C62DF72 /* Sources */,
				596DD290E33F9598D0554FEF /* Frameworks */,
				596DD0238D41E3ACAA960640 /* Resources */,
			);
			buildRules = (
			);
			dependencies = (
				596DD278C5C6C6EBB62070C9 /* PBXTargetDependency */,
			);
			name = blockensUITests;
			productName = blockensUITests;
			productReference = 596DD6667F709F246FF2012A /* blockensUITests.xctest */;
			productType = "com.apple.product-type.bundle.ui-testing";
		};
/* End PBXNativeTarget section */

/* Begin PBXProject section */
		596DD7CCB9B7EF11731D202F /* Project object */ = {
			isa = PBXProject;
			attributes = {
				LastSwiftUpdateCheck = 0730;
				LastUpgradeCheck = 0730;
				ORGANIZATIONNAME = apphacker;
			};
			buildConfigurationList = 596DDB964BF48A736BA6A225 /* Build configuration list for PBXProject "blockens" */;
			compatibilityVersion = "Xcode 3.2";
			developmentRegion = English;
			hasScannedForEncodings = 0;
			knownRegions = (
				en,
			);
			mainGroup = 596DD3FEEED5547E7DD2C950;
			productRefGroup = 596DD9707B48DA6F8579ACCD /* Products */;
			projectDirPath = "";
			projectRoot = "";
			targets = (
				596DD30DEF6057DB38BBA8C5 /* blockens */,
				596DDD152EF953DDFFD6512B /* blockensTests */,
				596DDF0416E8288EE904B533 /* blockensUITests */,
			);
		};
/* End PBXProject section */

/* Begin PBXResourcesBuildPhase section */
		596DD0238D41E3ACAA960640 /* Resources */ = {
			isa = PBXResourcesBuildPhase;
			buildActionMask = 2147483647;
			files = (
			);
			runOnlyForDeploymentPostprocessing = 0;
		};
		596DD6621E9C286ABC6448E3 /* Resources */ = {
			isa = PBXResourcesBuildPhase;
			buildActionMask = 2147483647;
			files = (
				596DD3FF9256D3F9CACF175C /* Assets.xcassets in Resources */,
				596DD2ED3D5AD150AAF926B8 /* MainMenu.xib in Resources */,
			);
			runOnlyForDeploymentPostprocessing = 0;
		};
		596DDF596764B6FB8907442B /* Resources */ = {
			isa = PBXResourcesBuildPhase;
			buildActionMask = 2147483647;
			files = (
			);
			runOnlyForDeploymentPostprocessing = 0;
		};
/* End PBXResourcesBuildPhase section */

/* Begin PBXSourcesBuildPhase section */
		596DD18E15E1A6779C62DF72 /* Sources */ = {
			isa = PBXSourcesBuildPhase;
			buildActionMask = 2147483647;
			files = (
				596DD50B878BEB88BC2ECCE0 /* blockensUITests.swift in Sources */,
				596DDE627517EB3DBC509889 /* GameWindow.swift in Sources */,
				596DDC0BD9A5767ACCC7816E /* utils.swift in Sources */,
				596DDC0ED6E102A6F2C7E8F7 /* SnakeController.swift in Sources */,
				596DD110F517D254D8D565FF /* SnakeRenderer.swift in Sources */,
			);
			runOnlyForDeploymentPostprocessing = 0;
		};
		596DD447E317DB0C2573E4AA /* Sources */ = {
			isa = PBXSourcesBuildPhase;
			buildActionMask = 2147483647;
			files = (
				596DDD8F78F559083286B4EB /* blockensTests.swift in Sources */,
				596DDE9992173DD0B906A782 /* GameWindow.swift in Sources */,
				596DD93511CF06E76DCB8EA4 /* utils.swift in Sources */,
				596DDCCD5FDBEE9FF7FD0B1D /* SnakeController.swift in Sources */,
				596DD5C40263070DEE379239 /* SnakeRenderer.swift in Sources */,
			);
			runOnlyForDeploymentPostprocessing = 0;
		};
		596DDB464524B7D796EBA5FC /* Sources */ = {
			isa = PBXSourcesBuildPhase;
			buildActionMask = 2147483647;
			files = (
				596DDD8DBFA31BD29C8C1344 /* Shaders.metal in Sources */,
				596DD9CE9B852B6BF143D2D2 /* AppDelegate.swift in Sources */,
				596DDC00D167AECA3D7A490A /* GameViewController.swift in Sources */,
				596DDA4DF3B3FC29A2CCEFED /* GameWindow.swift in Sources */,
				596DDCE97373276ADE2C4F62 /* utils.swift in Sources */,
				596DDCA9FA70947FE1E34F50 /* SnakeController.swift in Sources */,
				596DD9C9604B64CB28A87801 /* SnakeRenderer.swift in Sources */,
			);
			runOnlyForDeploymentPostprocessing = 0;
		};
/* End PBXSourcesBuildPhase section */

/* Begin PBXTargetDependency section */
		596DD162FA0514FCEDACA1E7 /* PBXTargetDependency */ = {
			isa = PBXTargetDependency;
			target = 596DD30DEF6057DB38BBA8C5 /* blockens */;
			targetProxy = 596DD03EB2E4AF7AE7248F4C /* PBXContainerItemProxy */;
		};
		596DD278C5C6C6EBB62070C9 /* PBXTargetDependency */ = {
			isa = PBXTargetDependency;
			target = 596DD30DEF6057DB38BBA8C5 /* blockens */;
			targetProxy = 596DD555AEF20BAE6D97923A /* PBXContainerItemProxy */;
		};
/* End PBXTargetDependency section */

/* Begin PBXVariantGroup section */
		596DD76650B83AE4BF3DC31D /* MainMenu.xib */ = {
			isa = PBXVariantGroup;
			children = (
				596DD8CC75B0B84F4348C7A1 /* Base */,
			);
			name = MainMenu.xib;
			sourceTree = "<group>";
		};
/* End PBXVariantGroup section */

/* Begin XCBuildConfiguration section */
		596DD015DF1C63BEDBC0F8AF /* Release */ = {
			isa = XCBuildConfiguration;
			buildSettings = {
				BUNDLE_LOADER = "$(BUILT_PRODUCTS_DIR)/blockens.app/Contents/MacOS/blockens";
				COMBINE_HIDPI_IMAGES = YES;
				INFOPLIST_FILE = blockensTests/Info.plist;
				LD_RUNPATH_SEARCH_PATHS = "$(inherited) @executable_path/../Frameworks @loader_path/../Frameworks";
				PRODUCT_BUNDLE_IDENTIFIER = com.apphacker.blockensTests;
				PRODUCT_NAME = "$(TARGET_NAME)";
				TEST_HOST = "$(BUNDLE_LOADER)";
			};
			name = Release;
		};
		596DD1F5071D83BD62972AD8 /* Debug */ = {
			isa = XCBuildConfiguration;
			buildSettings = {
				ALWAYS_SEARCH_USER_PATHS = NO;
				CLANG_ANALYZER_NONNULL = YES;
				CLANG_CXX_LANGUAGE_STANDARD = "gnu++0x";
				CLANG_CXX_LIBRARY = "libc++";
				CLANG_ENABLE_MODULES = YES;
				CLANG_ENABLE_OBJC_ARC = YES;
				CLANG_WARN_BOOL_CONVERSION = YES;
				CLANG_WARN_CONSTANT_CONVERSION = YES;
				CLANG_WARN_DIRECT_OBJC_ISA_USAGE = YES_ERROR;
				CLANG_WARN_EMPTY_BODY = YES;
				CLANG_WARN_ENUM_CONVERSION = YES;
				CLANG_WARN_INT_CONVERSION = YES;
				CLANG_WARN_OBJC_ROOT_CLASS = YES_ERROR;
				CLANG_WARN_UNREACHABLE_CODE = YES;
				CLANG_WARN__DUPLICATE_METHOD_MATCH = YES;
				CODE_SIGN_IDENTITY = "-";
				COPY_PHASE_STRIP = NO;
				DEBUG_INFORMATION_FORMAT = "dwarf-with-dsym";
				ENABLE_STRICT_OBJC_MSGSEND = YES;
				ENABLE_TESTABILITY = YES;
				GCC_C_LANGUAGE_STANDARD = gnu99;
				GCC_DYNAMIC_NO_PIC = NO;
				GCC_NO_COMMON_BLOCKS = YES;
				GCC_OPTIMIZATION_LEVEL = 0;
				GCC_PREPROCESSOR_DEFINITIONS = (
					"DEBUG=1",
					"$(inherited)",
				);
				GCC_WARN_64_TO_32_BIT_CONVERSION = YES;
				GCC_WARN_ABOUT_RETURN_TYPE = YES_ERROR;
				GCC_WARN_UNDECLARED_SELECTOR = YES;
				GCC_WARN_UNINITIALIZED_AUTOS = YES_AGGRESSIVE;
				GCC_WARN_UNUSED_FUNCTION = YES;
				GCC_WARN_UNUSED_VARIABLE = YES;
				MACOSX_DEPLOYMENT_TARGET = 10.11;
				MTL_ENABLE_DEBUG_INFO = YES;
				ONLY_ACTIVE_ARCH = YES;
				SDKROOT = macosx;
				SWIFT_OPTIMIZATION_LEVEL = "-Onone";
			};
			name = Debug;
		};
		596DD44A2A7612D34BF914E8 /* Release */ = {
			isa = XCBuildConfiguration;
			buildSettings = {
				ASSETCATALOG_COMPILER_APPICON_NAME = AppIcon;
				COMBINE_HIDPI_IMAGES = YES;
				INFOPLIST_FILE = blockens/Info.plist;
				LD_RUNPATH_SEARCH_PATHS = "$(inherited) @executable_path/../Frameworks";
				PRODUCT_BUNDLE_IDENTIFIER = com.apphacker.blockens;
				PRODUCT_NAME = "$(TARGET_NAME)";
			};
			name = Release;
		};
		596DD604ED1424378C206487 /* Debug */ = {
			isa = XCBuildConfiguration;
			buildSettings = {
				BUNDLE_LOADER = "$(BUILT_PRODUCTS_DIR)/blockens.app/Contents/MacOS/blockens";
				COMBINE_HIDPI_IMAGES = YES;
				INFOPLIST_FILE = blockensUITests/Info.plist;
				LD_RUNPATH_SEARCH_PATHS = "$(inherited) @executable_path/../Frameworks @loader_path/../Frameworks";
				PRODUCT_BUNDLE_IDENTIFIER = com.apphacker.blockensUITests;
				PRODUCT_NAME = "$(TARGET_NAME)";
				TEST_HOST = "$(BUNDLE_LOADER)";
			};
			name = Debug;
		};
		596DD7FDC51F2E0B85B541C2 /* Release */ = {
			isa = XCBuildConfiguration;
			buildSettings = {
				ALWAYS_SEARCH_USER_PATHS = NO;
				CLANG_ANALYZER_NONNULL = YES;
				CLANG_CXX_LANGUAGE_STANDARD = "gnu++0x";
				CLANG_CXX_LIBRARY = "libc++";
				CLANG_ENABLE_MODULES = YES;
				CLANG_ENABLE_OBJC_ARC = YES;
				CLANG_WARN_BOOL_CONVERSION = YES;
				CLANG_WARN_CONSTANT_CONVERSION = YES;
				CLANG_WARN_DIRECT_OBJC_ISA_USAGE = YES_ERROR;
				CLANG_WARN_EMPTY_BODY = YES;
				CLANG_WARN_ENUM_CONVERSION = YES;
				CLANG_WARN_INT_CONVERSION = YES;
				CLANG_WARN_OBJC_ROOT_CLASS = YES_ERROR;
				CLANG_WARN_UNREACHABLE_CODE = YES;
				CLANG_WARN__DUPLICATE_METHOD_MATCH = YES;
				CODE_SIGN_IDENTITY = "-";
				COPY_PHASE_STRIP = NO;
				DEBUG_INFORMATION_FORMAT = "dwarf-with-dsym";
				ENABLE_NS_ASSERTIONS = NO;
				ENABLE_STRICT_OBJC_MSGSEND = YES;
				GCC_C_LANGUAGE_STANDARD = gnu99;
				GCC_NO_COMMON_BLOCKS = YES;
				GCC_WARN_64_TO_32_BIT_CONVERSION = YES;
				GCC_WARN_ABOUT_RETURN_TYPE = YES_ERROR;
				GCC_WARN_UNDECLARED_SELECTOR = YES;
				GCC_WARN_UNINITIALIZED_AUTOS = YES_AGGRESSIVE;
				GCC_WARN_UNUSED_FUNCTION = YES;
				GCC_WARN_UNUSED_VARIABLE = YES;
				MACOSX_DEPLOYMENT_TARGET = 10.11;
				MTL_ENABLE_DEBUG_INFO = NO;
				SDKROOT = macosx;
			};
			name = Release;
		};
		596DD81FFE61E82CD5BAAD7A /* Debug */ = {
			isa = XCBuildConfiguration;
			buildSettings = {
				BUNDLE_LOADER = "$(BUILT_PRODUCTS_DIR)/blockens.app/Contents/MacOS/blockens";
				COMBINE_HIDPI_IMAGES = YES;
				INFOPLIST_FILE = blockensTests/Info.plist;
				LD_RUNPATH_SEARCH_PATHS = "$(inherited) @executable_path/../Frameworks @loader_path/../Frameworks";
				PRODUCT_BUNDLE_IDENTIFIER = com.apphacker.blockensTests;
				PRODUCT_NAME = "$(TARGET_NAME)";
				TEST_HOST = "$(BUNDLE_LOADER)";
			};
			name = Debug;
		};
		596DD9039155F11B28F5E2FD /* Release */ = {
			isa = XCBuildConfiguration;
			buildSettings = {
				BUNDLE_LOADER = "$(BUILT_PRODUCTS_DIR)/blockens.app/Contents/MacOS/blockens";
				COMBINE_HIDPI_IMAGES = YES;
				INFOPLIST_FILE = blockensUITests/Info.plist;
				LD_RUNPATH_SEARCH_PATHS = "$(inherited) @executable_path/../Frameworks @loader_path/../Frameworks";
				PRODUCT_BUNDLE_IDENTIFIER = com.apphacker.blockensUITests;
				PRODUCT_NAME = "$(TARGET_NAME)";
				TEST_HOST = "$(BUNDLE_LOADER)";
			};
			name = Release;
		};
		596DD991AEE11C8195537E75 /* Debug */ = {
			isa = XCBuildConfiguration;
			buildSettings = {
				ASSETCATALOG_COMPILER_APPICON_NAME = AppIcon;
				COMBINE_HIDPI_IMAGES = YES;
				INFOPLIST_FILE = blockens/Info.plist;
				LD_RUNPATH_SEARCH_PATHS = "$(inherited) @executable_path/../Frameworks";
				PRODUCT_BUNDLE_IDENTIFIER = com.apphacker.blockens;
				PRODUCT_NAME = "$(TARGET_NAME)";
			};
			name = Debug;
		};
/* End XCBuildConfiguration section */

/* Begin XCConfigurationList section */
		596DD49E3436FD408A499897 /* Build configuration list for PBXNativeTarget "blockens" */ = {
			isa = XCConfigurationList;
			buildConfigurations = (
				596DD991AEE11C8195537E75 /* Debug */,
				596DD44A2A7612D34BF914E8 /* Release */,
			);
			defaultConfigurationIsVisible = 0;
			defaultConfigurationName = Release;
		};
		596DD71C08BF4EAFC9BF78D9 /* Build configuration list for PBXNativeTarget "blockensUITests" */ = {
			isa = XCConfigurationList;
			buildConfigurations = (
				596DD604ED1424378C206487 /* Debug */,
				596DD9039155F11B28F5E2FD /* Release */,
			);
			defaultConfigurationIsVisible = 0;
			defaultConfigurationName = Release;
		};
		596DD8FB022F00D976E52AF1 /* Build configuration list for PBXNativeTarget "blockensTests" */ = {
			isa = XCConfigurationList;
			buildConfigurations = (
				596DD81FFE61E82CD5BAAD7A /* Debug */,
				596DD015DF1C63BEDBC0F8AF /* Release */,
			);
			defaultConfigurationIsVisible = 0;
			defaultConfigurationName = Release;
		};
		596DDB964BF48A736BA6A225 /* Build configuration list for PBXProject "blockens" */ = {
			isa = XCConfigurationList;
			buildConfigurations = (
				596DD1F5071D83BD62972AD8 /* Debug */,
				596DD7FDC51F2E0B85B541C2 /* Release */,
			);
			defaultConfigurationIsVisible = 0;
			defaultConfigurationName = Release;
		};
/* End XCConfigurationList section */
	};
	rootObject = 596DD7CCB9B7EF11731D202F /* Project object */;
}
