// !$*UTF8*$!
{
	archiveVersion = 1;
	classes = {
	};
	objectVersion = 46;
	objects = {

/* Begin PBXBuildFile section */
		596DD02EEE835597EAAEA761 /* StringRenderer.swift in Sources */ = {isa = PBXBuildFile; fileRef = 596DD411E115CC5492A87109 /* StringRenderer.swift */; };
		596DD1D8C00640623028E7D2 /* Sky.metal in Sources */ = {isa = PBXBuildFile; fileRef = 596DD4F80A20523509100E29 /* Sky.metal */; };
		596DD241B556A7E13765EABF /* Renderer.swift in Sources */ = {isa = PBXBuildFile; fileRef = 596DDAF5FCD83322F9D135CC /* Renderer.swift */; };
		596DD2ED3D5AD150AAF926B8 /* MainMenu.xib in Resources */ = {isa = PBXBuildFile; fileRef = 596DD76650B83AE4BF3DC31D /* MainMenu.xib */; };
		596DD386AC9B203EBB20F376 /* utils.metal in Sources */ = {isa = PBXBuildFile; fileRef = 596DD47E9198B2F0DB66B659 /* utils.metal */; };
		596DD3F2CFA6E8FC1B18B773 /* Sprite.swift in Sources */ = {isa = PBXBuildFile; fileRef = 596DD2BF582E353748586483 /* Sprite.swift */; };
		596DD3FF9256D3F9CACF175C /* Assets.xcassets in Resources */ = {isa = PBXBuildFile; fileRef = 596DD7824DD5750EC33379AA /* Assets.xcassets */; };
		596DD4806EA2194C90289014 /* Stars.metal in Sources */ = {isa = PBXBuildFile; fileRef = 596DD1AC469EBD4007D2D75A /* Stars.metal */; };
		596DD4BFF68CB6CA16AF75B6 /* characterData.swift in Sources */ = {isa = PBXBuildFile; fileRef = 596DD25E0949AF7D9C45F066 /* characterData.swift */; };
		596DD4C701CE77DB59CBC816 /* StarsRenderer.swift in Sources */ = {isa = PBXBuildFile; fileRef = 596DDDDA6E62BB40D9D8B263 /* StarsRenderer.swift */; };
		596DD510447768DCF5D504DD /* String.metal in Sources */ = {isa = PBXBuildFile; fileRef = 596DD23568A6294DC83D7EA2 /* String.metal */; };
		596DD5356CEC4FDA3E03845E /* Crater.swift in Sources */ = {isa = PBXBuildFile; fileRef = 596DD4F429D99979B1C825E4 /* Crater.swift */; };
		596DD5F2B411D2DB22DAB023 /* StarsController.swift in Sources */ = {isa = PBXBuildFile; fileRef = 596DD6BAD8EE44C37EBF91DD /* StarsController.swift */; };
		596DD6A3E186E134A5A03067 /* StringController.swift in Sources */ = {isa = PBXBuildFile; fileRef = 596DDC086004C9F0EBF6E5FD /* StringController.swift */; };
		596DD75691A4D5909CC9895F /* RendererController.swift in Sources */ = {isa = PBXBuildFile; fileRef = 596DD9BA50AF37D06816053B /* RendererController.swift */; };
		596DD7CAB1632D5373EE9F87 /* Grass.swift in Sources */ = {isa = PBXBuildFile; fileRef = 596DD1DE585ADF299E5D5147 /* Grass.swift */; };
		596DD805A5B7A2E9288C181D /* BackgroundController.swift in Sources */ = {isa = PBXBuildFile; fileRef = 596DD94112BC3E00F1E226D6 /* BackgroundController.swift */; };
		596DD8629E04C27CA38135C0 /* Bush.swift in Sources */ = {isa = PBXBuildFile; fileRef = 596DD4C7B45B0FCED812C84C /* Bush.swift */; };
		596DD898730307A82643DE27 /* utils.h in Sources */ = {isa = PBXBuildFile; fileRef = 596DDC020310C45B3869EAB1 /* utils.h */; };
		596DD9C9604B64CB28A87801 /* SnakeRenderer.swift in Sources */ = {isa = PBXBuildFile; fileRef = 596DD3977095FD282BBABFA8 /* SnakeRenderer.swift */; };
		596DD9CE9B852B6BF143D2D2 /* AppDelegate.swift in Sources */ = {isa = PBXBuildFile; fileRef = 596DD183386F3B4EB9BF5C86 /* AppDelegate.swift */; };
		596DD9E1FE9BA749805F6D41 /* Background.metal in Sources */ = {isa = PBXBuildFile; fileRef = 596DD350D6F698905EFB20CA /* Background.metal */; };
		596DDA4DF3B3FC29A2CCEFED /* GameWindow.swift in Sources */ = {isa = PBXBuildFile; fileRef = 596DD14F2FA0CAC167115986 /* GameWindow.swift */; };
		596DDC00D167AECA3D7A490A /* GameViewController.swift in Sources */ = {isa = PBXBuildFile; fileRef = 596DD01D9618099F07A163C7 /* GameViewController.swift */; };
		596DDC56C0AA145D55CFA33A /* RenderUtils.swift in Sources */ = {isa = PBXBuildFile; fileRef = 596DD92D463D6C3CBBE8AFEF /* RenderUtils.swift */; };
		596DDC77A1A17B755DA5DC8B /* Rocks.swift in Sources */ = {isa = PBXBuildFile; fileRef = 596DDA422D49AC70538B17AD /* Rocks.swift */; };
		596DDCA9FA70947FE1E34F50 /* SnakeController.swift in Sources */ = {isa = PBXBuildFile; fileRef = 596DD12117DA96C0C681F421 /* SnakeController.swift */; };
		596DDCE97373276ADE2C4F62 /* utils.swift in Sources */ = {isa = PBXBuildFile; fileRef = 596DDDC60CE1C3C87B5429F8 /* utils.swift */; };
		596DDD476D02A7B1E8A9EF24 /* SpriteLayer.metal in Sources */ = {isa = PBXBuildFile; fileRef = 596DD01D8433779698129F43 /* SpriteLayer.metal */; };
		596DDD8DBFA31BD29C8C1344 /* Snake.metal in Sources */ = {isa = PBXBuildFile; fileRef = 596DD47E35FD184C58EFDD19 /* Snake.metal */; };
		596DDDE63103F154428EBFBC /* BackgroundRenderer.swift in Sources */ = {isa = PBXBuildFile; fileRef = 596DDE48B29318AD5678C65B /* BackgroundRenderer.swift */; };
		596DDE0F40A39776E2963C05 /* SkyRenderer.swift in Sources */ = {isa = PBXBuildFile; fileRef = 596DD8CF87B3556E83BDF89C /* SkyRenderer.swift */; };
		596DDEAEE21FFA1AC6018DA2 /* SpriteLayerController.swift in Sources */ = {isa = PBXBuildFile; fileRef = 596DDBA679D083DA875DBEBA /* SpriteLayerController.swift */; };
		596DDED821185F187713F72E /* SkyController.swift in Sources */ = {isa = PBXBuildFile; fileRef = 596DD03EFB5DF652D34D92E4 /* SkyController.swift */; };
		596DDEFD32B8183EDA11E99A /* SpriteLayerRenderer.swift in Sources */ = {isa = PBXBuildFile; fileRef = 596DDE4C770F5DD26E4B5A55 /* SpriteLayerRenderer.swift */; };
		596DDF8937727F1ED00B8350 /* Score.swift in Sources */ = {isa = PBXBuildFile; fileRef = 596DD85DEFA4FD53CF2E0E78 /* Score.swift */; };
/* End PBXBuildFile section */

/* Begin PBXFileReference section */
		596DD01D8433779698129F43 /* SpriteLayer.metal */ = {isa = PBXFileReference; fileEncoding = 4; lastKnownFileType = sourcecode.metal; path = SpriteLayer.metal; sourceTree = "<group>"; };
		596DD01D9618099F07A163C7 /* GameViewController.swift */ = {isa = PBXFileReference; fileEncoding = 4; lastKnownFileType = sourcecode.swift; path = GameViewController.swift; sourceTree = "<group>"; };
		596DD03EFB5DF652D34D92E4 /* SkyController.swift */ = {isa = PBXFileReference; fileEncoding = 4; lastKnownFileType = sourcecode.swift; path = SkyController.swift; sourceTree = "<group>"; };
		596DD12117DA96C0C681F421 /* SnakeController.swift */ = {isa = PBXFileReference; fileEncoding = 4; lastKnownFileType = sourcecode.swift; path = SnakeController.swift; sourceTree = "<group>"; };
		596DD14F2FA0CAC167115986 /* GameWindow.swift */ = {isa = PBXFileReference; fileEncoding = 4; lastKnownFileType = sourcecode.swift; path = GameWindow.swift; sourceTree = "<group>"; };
		596DD183386F3B4EB9BF5C86 /* AppDelegate.swift */ = {isa = PBXFileReference; fileEncoding = 4; lastKnownFileType = sourcecode.swift; path = AppDelegate.swift; sourceTree = "<group>"; };
		596DD1AC469EBD4007D2D75A /* Stars.metal */ = {isa = PBXFileReference; fileEncoding = 4; lastKnownFileType = sourcecode.metal; path = Stars.metal; sourceTree = "<group>"; };
		596DD1DE585ADF299E5D5147 /* Grass.swift */ = {isa = PBXFileReference; fileEncoding = 4; lastKnownFileType = sourcecode.swift; path = Grass.swift; sourceTree = "<group>"; };
		596DD23568A6294DC83D7EA2 /* String.metal */ = {isa = PBXFileReference; fileEncoding = 4; lastKnownFileType = sourcecode.metal; path = String.metal; sourceTree = "<group>"; };
		596DD25E0949AF7D9C45F066 /* characterData.swift */ = {isa = PBXFileReference; fileEncoding = 4; lastKnownFileType = sourcecode.swift; path = characterData.swift; sourceTree = "<group>"; };
		596DD2BF582E353748586483 /* Sprite.swift */ = {isa = PBXFileReference; fileEncoding = 4; lastKnownFileType = sourcecode.swift; path = Sprite.swift; sourceTree = "<group>"; };
		596DD350D6F698905EFB20CA /* Background.metal */ = {isa = PBXFileReference; fileEncoding = 4; lastKnownFileType = sourcecode.metal; path = Background.metal; sourceTree = "<group>"; };
		596DD3977095FD282BBABFA8 /* SnakeRenderer.swift */ = {isa = PBXFileReference; fileEncoding = 4; lastKnownFileType = sourcecode.swift; path = SnakeRenderer.swift; sourceTree = "<group>"; };
		596DD411E115CC5492A87109 /* StringRenderer.swift */ = {isa = PBXFileReference; fileEncoding = 4; lastKnownFileType = sourcecode.swift; path = StringRenderer.swift; sourceTree = "<group>"; };
		596DD47E35FD184C58EFDD19 /* Snake.metal */ = {isa = PBXFileReference; fileEncoding = 4; lastKnownFileType = sourcecode.metal; path = Snake.metal; sourceTree = "<group>"; };
		596DD47E9198B2F0DB66B659 /* utils.metal */ = {isa = PBXFileReference; fileEncoding = 4; lastKnownFileType = sourcecode.metal; path = utils.metal; sourceTree = "<group>"; };
		596DD4C7B45B0FCED812C84C /* Bush.swift */ = {isa = PBXFileReference; fileEncoding = 4; lastKnownFileType = sourcecode.swift; path = Bush.swift; sourceTree = "<group>"; };
		596DD4F429D99979B1C825E4 /* Crater.swift */ = {isa = PBXFileReference; fileEncoding = 4; lastKnownFileType = sourcecode.swift; path = Crater.swift; sourceTree = "<group>"; };
		596DD4F80A20523509100E29 /* Sky.metal */ = {isa = PBXFileReference; fileEncoding = 4; lastKnownFileType = sourcecode.metal; path = Sky.metal; sourceTree = "<group>"; };
		596DD6BAD8EE44C37EBF91DD /* StarsController.swift */ = {isa = PBXFileReference; fileEncoding = 4; lastKnownFileType = sourcecode.swift; path = StarsController.swift; sourceTree = "<group>"; };
		596DD7824DD5750EC33379AA /* Assets.xcassets */ = {isa = PBXFileReference; lastKnownFileType = folder.assetcatalog; path = Assets.xcassets; sourceTree = "<group>"; };
		596DD85DEFA4FD53CF2E0E78 /* Score.swift */ = {isa = PBXFileReference; fileEncoding = 4; lastKnownFileType = sourcecode.swift; path = Score.swift; sourceTree = "<group>"; };
		596DD8CC75B0B84F4348C7A1 /* Base */ = {isa = PBXFileReference; lastKnownFileType = file.xib; name = Base; path = Base.lproj/MainMenu.xib; sourceTree = "<group>"; };
		596DD8CF87B3556E83BDF89C /* SkyRenderer.swift */ = {isa = PBXFileReference; fileEncoding = 4; lastKnownFileType = sourcecode.swift; path = SkyRenderer.swift; sourceTree = "<group>"; };
		596DD92D463D6C3CBBE8AFEF /* RenderUtils.swift */ = {isa = PBXFileReference; fileEncoding = 4; lastKnownFileType = sourcecode.swift; path = RenderUtils.swift; sourceTree = "<group>"; };
		596DD94112BC3E00F1E226D6 /* BackgroundController.swift */ = {isa = PBXFileReference; fileEncoding = 4; lastKnownFileType = sourcecode.swift; path = BackgroundController.swift; sourceTree = "<group>"; };
		596DD9BA50AF37D06816053B /* RendererController.swift */ = {isa = PBXFileReference; fileEncoding = 4; lastKnownFileType = sourcecode.swift; path = RendererController.swift; sourceTree = "<group>"; };
		596DDA422D49AC70538B17AD /* Rocks.swift */ = {isa = PBXFileReference; fileEncoding = 4; lastKnownFileType = sourcecode.swift; path = Rocks.swift; sourceTree = "<group>"; };
		596DDA445427ACB481F938F4 /* Info.plist */ = {isa = PBXFileReference; lastKnownFileType = text.plist.info; path = Info.plist; sourceTree = "<group>"; };
		596DDAF5FCD83322F9D135CC /* Renderer.swift */ = {isa = PBXFileReference; fileEncoding = 4; lastKnownFileType = sourcecode.swift; path = Renderer.swift; sourceTree = "<group>"; };
		596DDBA679D083DA875DBEBA /* SpriteLayerController.swift */ = {isa = PBXFileReference; fileEncoding = 4; lastKnownFileType = sourcecode.swift; path = SpriteLayerController.swift; sourceTree = "<group>"; };
		596DDC020310C45B3869EAB1 /* utils.h */ = {isa = PBXFileReference; fileEncoding = 4; lastKnownFileType = sourcecode.c.h; path = utils.h; sourceTree = "<group>"; };
		596DDC086004C9F0EBF6E5FD /* StringController.swift */ = {isa = PBXFileReference; fileEncoding = 4; lastKnownFileType = sourcecode.swift; path = StringController.swift; sourceTree = "<group>"; };
		596DDDC60CE1C3C87B5429F8 /* utils.swift */ = {isa = PBXFileReference; fileEncoding = 4; lastKnownFileType = sourcecode.swift; path = utils.swift; sourceTree = "<group>"; };
		596DDDDA6E62BB40D9D8B263 /* StarsRenderer.swift */ = {isa = PBXFileReference; fileEncoding = 4; lastKnownFileType = sourcecode.swift; path = StarsRenderer.swift; sourceTree = "<group>"; };
		596DDE48B29318AD5678C65B /* BackgroundRenderer.swift */ = {isa = PBXFileReference; fileEncoding = 4; lastKnownFileType = sourcecode.swift; path = BackgroundRenderer.swift; sourceTree = "<group>"; };
		596DDE4C770F5DD26E4B5A55 /* SpriteLayerRenderer.swift */ = {isa = PBXFileReference; fileEncoding = 4; lastKnownFileType = sourcecode.swift; path = SpriteLayerRenderer.swift; sourceTree = "<group>"; };
		596DDEA7FD777B5F0E5B63E2 /* blockens.app */ = {isa = PBXFileReference; explicitFileType = wrapper.application; includeInIndex = 0; path = blockens.app; sourceTree = BUILT_PRODUCTS_DIR; };
/* End PBXFileReference section */

/* Begin PBXFrameworksBuildPhase section */
		596DD59C8F52BDF1D62C35B2 /* Frameworks */ = {
			isa = PBXFrameworksBuildPhase;
			buildActionMask = 2147483647;
			files = (
			);
			runOnlyForDeploymentPostprocessing = 0;
		};
/* End PBXFrameworksBuildPhase section */

/* Begin PBXGroup section */
		596DD3FEEED5547E7DD2C950 = {
			isa = PBXGroup;
			children = (
				596DD9707B48DA6F8579ACCD /* Products */,
				596DDAD07F73DCD96252AF49 /* blockens */,
			);
			sourceTree = "<group>";
		};
		596DD48DFAEE59E988D0B829 /* SpriteLayer */ = {
			isa = PBXGroup;
			children = (
				596DDBA679D083DA875DBEBA /* SpriteLayerController.swift */,
				596DDE4C770F5DD26E4B5A55 /* SpriteLayerRenderer.swift */,
				596DD5B922BFA94CBAF952C9 /* Sprites */,
			);
			path = SpriteLayer;
			sourceTree = "<group>";
		};
		596DD5B922BFA94CBAF952C9 /* Sprites */ = {
			isa = PBXGroup;
			children = (
				596DD2BF582E353748586483 /* Sprite.swift */,
				596DD1DE585ADF299E5D5147 /* Grass.swift */,
				596DD4F429D99979B1C825E4 /* Crater.swift */,
				596DDA422D49AC70538B17AD /* Rocks.swift */,
				596DD4C7B45B0FCED812C84C /* Bush.swift */,
			);
			path = Sprites;
			sourceTree = "<group>";
		};
		596DD689D69990DF040BA6F9 /* String */ = {
			isa = PBXGroup;
			children = (
				596DDC086004C9F0EBF6E5FD /* StringController.swift */,
				596DD411E115CC5492A87109 /* StringRenderer.swift */,
				596DD25E0949AF7D9C45F066 /* characterData.swift */,
			);
			path = String;
			sourceTree = "<group>";
		};
		596DD860B720099AB3B27792 /* shaders */ = {
			isa = PBXGroup;
			children = (
				596DD47E35FD184C58EFDD19 /* Snake.metal */,
				596DD350D6F698905EFB20CA /* Background.metal */,
				596DDC020310C45B3869EAB1 /* utils.h */,
				596DD4F80A20523509100E29 /* Sky.metal */,
				596DD47E9198B2F0DB66B659 /* utils.metal */,
				596DD23568A6294DC83D7EA2 /* String.metal */,
				596DD01D8433779698129F43 /* SpriteLayer.metal */,
				596DD1AC469EBD4007D2D75A /* Stars.metal */,
			);
			path = shaders;
			sourceTree = "<group>";
		};
		596DD92FFB413EB01D3548E9 /* Background */ = {
			isa = PBXGroup;
			children = (
				596DD94112BC3E00F1E226D6 /* BackgroundController.swift */,
				596DDE48B29318AD5678C65B /* BackgroundRenderer.swift */,
			);
			path = Background;
			sourceTree = "<group>";
		};
		596DD9707B48DA6F8579ACCD /* Products */ = {
			isa = PBXGroup;
			children = (
				596DDEA7FD777B5F0E5B63E2 /* blockens.app */,
			);
			name = Products;
			sourceTree = "<group>";
		};
		596DDA0837FB34BC25A4BD04 /* src */ = {
			isa = PBXGroup;
			children = (
				596DD183386F3B4EB9BF5C86 /* AppDelegate.swift */,
				596DD01D9618099F07A163C7 /* GameViewController.swift */,
				596DD14F2FA0CAC167115986 /* GameWindow.swift */,
				596DDDC60CE1C3C87B5429F8 /* utils.swift */,
				596DDC8C4DC7D4CC8D8F5AE8 /* Snake */,
				596DD92FFB413EB01D3548E9 /* Background */,
				596DDE0ECA255BD791779048 /* Sky */,
				596DD689D69990DF040BA6F9 /* String */,
				596DD85DEFA4FD53CF2E0E78 /* Score.swift */,
				596DD92D463D6C3CBBE8AFEF /* RenderUtils.swift */,
				596DD48DFAEE59E988D0B829 /* SpriteLayer */,
				596DDAF5FCD83322F9D135CC /* Renderer.swift */,
				596DD9BA50AF37D06816053B /* RendererController.swift */,
				596DDDFBB733B462C61710FC /* Stars */,
			);
			path = src;
			sourceTree = "<group>";
		};
		596DDAD07F73DCD96252AF49 /* blockens */ = {
			isa = PBXGroup;
			children = (
				596DDA445427ACB481F938F4 /* Info.plist */,
				596DD7824DD5750EC33379AA /* Assets.xcassets */,
				596DD76650B83AE4BF3DC31D /* MainMenu.xib */,
				596DD860B720099AB3B27792 /* shaders */,
				596DDA0837FB34BC25A4BD04 /* src */,
			);
			path = blockens;
			sourceTree = "<group>";
		};
		596DDC8C4DC7D4CC8D8F5AE8 /* Snake */ = {
			isa = PBXGroup;
			children = (
				596DD12117DA96C0C681F421 /* SnakeController.swift */,
				596DD3977095FD282BBABFA8 /* SnakeRenderer.swift */,
			);
			path = Snake;
			sourceTree = "<group>";
		};
		596DDDFBB733B462C61710FC /* Stars */ = {
			isa = PBXGroup;
			children = (
				596DDDDA6E62BB40D9D8B263 /* StarsRenderer.swift */,
				596DD6BAD8EE44C37EBF91DD /* StarsController.swift */,
			);
			path = Stars;
			sourceTree = "<group>";
		};
		596DDE0ECA255BD791779048 /* Sky */ = {
			isa = PBXGroup;
			children = (
				596DD8CF87B3556E83BDF89C /* SkyRenderer.swift */,
				596DD03EFB5DF652D34D92E4 /* SkyController.swift */,
			);
			path = Sky;
			sourceTree = "<group>";
		};
/* End PBXGroup section */

/* Begin PBXNativeTarget section */
		596DD30DEF6057DB38BBA8C5 /* blockens */ = {
			isa = PBXNativeTarget;
			buildConfigurationList = 596DD49E3436FD408A499897 /* Build configuration list for PBXNativeTarget "blockens" */;
			buildPhases = (
				596DDB464524B7D796EBA5FC /* Sources */,
				596DD59C8F52BDF1D62C35B2 /* Frameworks */,
				596DD6621E9C286ABC6448E3 /* Resources */,
			);
			buildRules = (
			);
			dependencies = (
			);
			name = blockens;
			productName = blockens;
			productReference = 596DDEA7FD777B5F0E5B63E2 /* blockens.app */;
			productType = "com.apple.product-type.application";
		};
/* End PBXNativeTarget section */

/* Begin PBXProject section */
		596DD7CCB9B7EF11731D202F /* Project object */ = {
			isa = PBXProject;
			attributes = {
				LastSwiftUpdateCheck = 0730;
				LastUpgradeCheck = 0730;
				ORGANIZATIONNAME = apphacker;
				TargetAttributes = {
					596DD30DEF6057DB38BBA8C5 = {
						LastSwiftMigration = 0830;
					};
				};
			};
			buildConfigurationList = 596DDB964BF48A736BA6A225 /* Build configuration list for PBXProject "blockens" */;
			compatibilityVersion = "Xcode 3.2";
			developmentRegion = English;
			hasScannedForEncodings = 0;
			knownRegions = (
				en,
			);
			mainGroup = 596DD3FEEED5547E7DD2C950;
			productRefGroup = 596DD9707B48DA6F8579ACCD /* Products */;
			projectDirPath = "";
			projectRoot = "";
			targets = (
				596DD30DEF6057DB38BBA8C5 /* blockens */,
			);
		};
/* End PBXProject section */

/* Begin PBXResourcesBuildPhase section */
		596DD6621E9C286ABC6448E3 /* Resources */ = {
			isa = PBXResourcesBuildPhase;
			buildActionMask = 2147483647;
			files = (
				596DD3FF9256D3F9CACF175C /* Assets.xcassets in Resources */,
				596DD2ED3D5AD150AAF926B8 /* MainMenu.xib in Resources */,
			);
			runOnlyForDeploymentPostprocessing = 0;
		};
/* End PBXResourcesBuildPhase section */

/* Begin PBXSourcesBuildPhase section */
		596DDB464524B7D796EBA5FC /* Sources */ = {
			isa = PBXSourcesBuildPhase;
			buildActionMask = 2147483647;
			files = (
				596DDD8DBFA31BD29C8C1344 /* Snake.metal in Sources */,
				596DD9CE9B852B6BF143D2D2 /* AppDelegate.swift in Sources */,
				596DDC00D167AECA3D7A490A /* GameViewController.swift in Sources */,
				596DDA4DF3B3FC29A2CCEFED /* GameWindow.swift in Sources */,
				596DDCE97373276ADE2C4F62 /* utils.swift in Sources */,
				596DDCA9FA70947FE1E34F50 /* SnakeController.swift in Sources */,
				596DD9C9604B64CB28A87801 /* SnakeRenderer.swift in Sources */,
				596DD805A5B7A2E9288C181D /* BackgroundController.swift in Sources */,
				596DDDE63103F154428EBFBC /* BackgroundRenderer.swift in Sources */,
				596DD9E1FE9BA749805F6D41 /* Background.metal in Sources */,
				596DD898730307A82643DE27 /* utils.h in Sources */,
				596DDE0F40A39776E2963C05 /* SkyRenderer.swift in Sources */,
				596DDED821185F187713F72E /* SkyController.swift in Sources */,
				596DD1D8C00640623028E7D2 /* Sky.metal in Sources */,
				596DD386AC9B203EBB20F376 /* utils.metal in Sources */,
				596DD510447768DCF5D504DD /* String.metal in Sources */,
				596DD6A3E186E134A5A03067 /* StringController.swift in Sources */,
				596DD02EEE835597EAAEA761 /* StringRenderer.swift in Sources */,
				596DDF8937727F1ED00B8350 /* Score.swift in Sources */,
				596DD4BFF68CB6CA16AF75B6 /* characterData.swift in Sources */,
				596DDC56C0AA145D55CFA33A /* RenderUtils.swift in Sources */,
				596DDEAEE21FFA1AC6018DA2 /* SpriteLayerController.swift in Sources */,
				596DDEFD32B8183EDA11E99A /* SpriteLayerRenderer.swift in Sources */,
				596DDD476D02A7B1E8A9EF24 /* SpriteLayer.metal in Sources */,
				596DD241B556A7E13765EABF /* Renderer.swift in Sources */,
				596DD75691A4D5909CC9895F /* RendererController.swift in Sources */,
				596DD3F2CFA6E8FC1B18B773 /* Sprite.swift in Sources */,
				596DD7CAB1632D5373EE9F87 /* Grass.swift in Sources */,
				596DD5356CEC4FDA3E03845E /* Crater.swift in Sources */,
				596DDC77A1A17B755DA5DC8B /* Rocks.swift in Sources */,
				596DD8629E04C27CA38135C0 /* Bush.swift in Sources */,
				596DD4C701CE77DB59CBC816 /* StarsRenderer.swift in Sources */,
				596DD5F2B411D2DB22DAB023 /* StarsController.swift in Sources */,
				596DD4806EA2194C90289014 /* Stars.metal in Sources */,
			);
			runOnlyForDeploymentPostprocessing = 0;
		};
/* End PBXSourcesBuildPhase section */

/* Begin PBXVariantGroup section */
		596DD76650B83AE4BF3DC31D /* MainMenu.xib */ = {
			isa = PBXVariantGroup;
			children = (
				596DD8CC75B0B84F4348C7A1 /* Base */,
			);
			name = MainMenu.xib;
			sourceTree = "<group>";
		};
/* End PBXVariantGroup section */

/* Begin XCBuildConfiguration section */
		596DD1F5071D83BD62972AD8 /* Debug */ = {
			isa = XCBuildConfiguration;
			buildSettings = {
				ALWAYS_SEARCH_USER_PATHS = NO;
				CLANG_ANALYZER_NONNULL = YES;
				CLANG_CXX_LANGUAGE_STANDARD = "gnu++0x";
				CLANG_CXX_LIBRARY = "libc++";
				CLANG_ENABLE_MODULES = YES;
				CLANG_ENABLE_OBJC_ARC = YES;
				CLANG_WARN_BOOL_CONVERSION = YES;
				CLANG_WARN_CONSTANT_CONVERSION = YES;
				CLANG_WARN_DIRECT_OBJC_ISA_USAGE = YES_ERROR;
				CLANG_WARN_EMPTY_BODY = YES;
				CLANG_WARN_ENUM_CONVERSION = YES;
				CLANG_WARN_INT_CONVERSION = YES;
				CLANG_WARN_OBJC_ROOT_CLASS = YES_ERROR;
				CLANG_WARN_UNREACHABLE_CODE = YES;
				CLANG_WARN__DUPLICATE_METHOD_MATCH = YES;
				CODE_SIGN_IDENTITY = "-";
				COPY_PHASE_STRIP = NO;
				DEBUG_INFORMATION_FORMAT = "dwarf-with-dsym";
				ENABLE_STRICT_OBJC_MSGSEND = YES;
				ENABLE_TESTABILITY = YES;
				GCC_C_LANGUAGE_STANDARD = gnu99;
				GCC_DYNAMIC_NO_PIC = NO;
				GCC_NO_COMMON_BLOCKS = YES;
				GCC_OPTIMIZATION_LEVEL = 0;
				GCC_PREPROCESSOR_DEFINITIONS = (
					"DEBUG=1",
					"$(inherited)",
				);
				GCC_WARN_64_TO_32_BIT_CONVERSION = YES;
				GCC_WARN_ABOUT_RETURN_TYPE = YES_ERROR;
				GCC_WARN_UNDECLARED_SELECTOR = YES;
				GCC_WARN_UNINITIALIZED_AUTOS = YES_AGGRESSIVE;
				GCC_WARN_UNUSED_FUNCTION = YES;
				GCC_WARN_UNUSED_VARIABLE = YES;
				MACOSX_DEPLOYMENT_TARGET = 10.11;
				MTL_ENABLE_DEBUG_INFO = YES;
				ONLY_ACTIVE_ARCH = YES;
				SDKROOT = macosx;
				SWIFT_OPTIMIZATION_LEVEL = "-Onone";
			};
			name = Debug;
		};
		596DD44A2A7612D34BF914E8 /* Release */ = {
			isa = XCBuildConfiguration;
			buildSettings = {
				ASSETCATALOG_COMPILER_APPICON_NAME = AppIcon;
				COMBINE_HIDPI_IMAGES = YES;
				INFOPLIST_FILE = blockens/Info.plist;
				LD_RUNPATH_SEARCH_PATHS = "$(inherited) @executable_path/../Frameworks";
				PRODUCT_BUNDLE_IDENTIFIER = com.apphacker.blockens;
				PRODUCT_NAME = "$(TARGET_NAME)";
				SWIFT_VERSION = 3.0;
			};
			name = Release;
		};
		596DD7FDC51F2E0B85B541C2 /* Release */ = {
			isa = XCBuildConfiguration;
			buildSettings = {
				ALWAYS_SEARCH_USER_PATHS = NO;
				CLANG_ANALYZER_NONNULL = YES;
				CLANG_CXX_LANGUAGE_STANDARD = "gnu++0x";
				CLANG_CXX_LIBRARY = "libc++";
				CLANG_ENABLE_MODULES = YES;
				CLANG_ENABLE_OBJC_ARC = YES;
				CLANG_WARN_BOOL_CONVERSION = YES;
				CLANG_WARN_CONSTANT_CONVERSION = YES;
				CLANG_WARN_DIRECT_OBJC_ISA_USAGE = YES_ERROR;
				CLANG_WARN_EMPTY_BODY = YES;
				CLANG_WARN_ENUM_CONVERSION = YES;
				CLANG_WARN_INT_CONVERSION = YES;
				CLANG_WARN_OBJC_ROOT_CLASS = YES_ERROR;
				CLANG_WARN_UNREACHABLE_CODE = YES;
				CLANG_WARN__DUPLICATE_METHOD_MATCH = YES;
				CODE_SIGN_IDENTITY = "-";
				COPY_PHASE_STRIP = NO;
				DEBUG_INFORMATION_FORMAT = "dwarf-with-dsym";
				ENABLE_NS_ASSERTIONS = NO;
				ENABLE_STRICT_OBJC_MSGSEND = YES;
				GCC_C_LANGUAGE_STANDARD = gnu99;
				GCC_NO_COMMON_BLOCKS = YES;
				GCC_WARN_64_TO_32_BIT_CONVERSION = YES;
				GCC_WARN_ABOUT_RETURN_TYPE = YES_ERROR;
				GCC_WARN_UNDECLARED_SELECTOR = YES;
				GCC_WARN_UNINITIALIZED_AUTOS = YES_AGGRESSIVE;
				GCC_WARN_UNUSED_FUNCTION = YES;
				GCC_WARN_UNUSED_VARIABLE = YES;
				MACOSX_DEPLOYMENT_TARGET = 10.11;
				MTL_ENABLE_DEBUG_INFO = NO;
				SDKROOT = macosx;
			};
			name = Release;
		};
		596DD991AEE11C8195537E75 /* Debug */ = {
			isa = XCBuildConfiguration;
			buildSettings = {
				ASSETCATALOG_COMPILER_APPICON_NAME = AppIcon;
				COMBINE_HIDPI_IMAGES = YES;
				INFOPLIST_FILE = blockens/Info.plist;
				LD_RUNPATH_SEARCH_PATHS = "$(inherited) @executable_path/../Frameworks";
				PRODUCT_BUNDLE_IDENTIFIER = com.apphacker.blockens;
				PRODUCT_NAME = "$(TARGET_NAME)";
				SWIFT_VERSION = 3.0;
			};
			name = Debug;
		};
/* End XCBuildConfiguration section */

/* Begin XCConfigurationList section */
		596DD49E3436FD408A499897 /* Build configuration list for PBXNativeTarget "blockens" */ = {
			isa = XCConfigurationList;
			buildConfigurations = (
				596DD991AEE11C8195537E75 /* Debug */,
				596DD44A2A7612D34BF914E8 /* Release */,
			);
			defaultConfigurationIsVisible = 0;
			defaultConfigurationName = Release;
		};
		596DDB964BF48A736BA6A225 /* Build configuration list for PBXProject "blockens" */ = {
			isa = XCConfigurationList;
			buildConfigurations = (
				596DD1F5071D83BD62972AD8 /* Debug */,
				596DD7FDC51F2E0B85B541C2 /* Release */,
			);
			defaultConfigurationIsVisible = 0;
			defaultConfigurationName = Release;
		};
/* End XCConfigurationList section */
	};
	rootObject = 596DD7CCB9B7EF11731D202F /* Project object */;
}
